lockVersion: 2.0.0
id: a991a5ad-0331-497b-9d4f-28b2ceb0002e
management:
  docChecksum: 3111a0240a30223979e0728b12ff33a4
  docVersion: 0.1.0
  speakeasyVersion: internal
  generationVersion: 2.277.0
  releaseVersion: 2.6.1
  configChecksum: 0c26d925b620d72b4f56e628b863b62e
  repoURL: https://github.com/speakeasy-sdks/scorecard.git
  repoSubDirectory: .
  installationURL: https://github.com/speakeasy-sdks/scorecard
  published: true
features:
  typescript:
    core: 3.6.1
    globalSecurity: 2.82.4
    globalServerURLs: 2.82.3
    ignores: 2.81.1
    nameOverrides: 2.81.1
    responseFormat: 0.1.0
    unions: 2.85.3
generatedFiles:
  - src/sdk/sdk.ts
  - .eslintrc.js
  - .npmignore
  - RUNTIMES.md
  - package.json
  - src/index.ts
  - src/lib/base64.ts
  - src/lib/config.ts
  - src/lib/encodings.ts
  - src/lib/event-streams.ts
  - src/lib/http.ts
  - src/lib/retries.ts
  - src/lib/schemas.ts
  - src/lib/sdks.ts
  - src/lib/security.ts
  - src/lib/url.ts
  - src/sdk/index.ts
  - src/models/sdkerror.ts
  - src/models/sdkvalidationerror.ts
  - src/types/blobs.ts
  - src/types/decimal.ts
  - src/types/index.ts
  - src/types/operations.ts
  - src/types/rfcdate.ts
  - tsconfig.json
  - src/models/testcaselogop.ts
  - src/models/httpvalidationerror.ts
  - src/models/validationerror.ts
  - src/models/testcase.ts
  - src/models/security.ts
  - src/models/index.ts
  - docs/models/testcaselogresponse.md
  - docs/models/httpvalidationerror.md
  - docs/models/loc.md
  - docs/models/validationerror.md
  - docs/models/testcase.md
  - docs/models/security.md
  - docs/sdks/scorecard/README.md
  - USAGE.md
  - .gitattributes
  - src/hooks/hooks.ts
  - src/hooks/types.ts
  - src/hooks/index.ts
